// !$*UTF8*$!
{
	archiveVersion = 1;
	classes = {
	};
	objectVersion = 46;
	objects = {

/* Begin PBXBuildFile section */
		500D61101C9FFA49003F76A2 /* EventMonitor.m in Sources */ = {isa = PBXBuildFile; fileRef = 500D610F1C9FFA49003F76A2 /* EventMonitor.m */; };
		500D61131CA033D0003F76A2 /* WindowListApplierData.m in Sources */ = {isa = PBXBuildFile; fileRef = 500D61121CA033D0003F76A2 /* WindowListApplierData.m */; };
		500D61161CA12521003F76A2 /* Recorder.m in Sources */ = {isa = PBXBuildFile; fileRef = 500D61151CA12521003F76A2 /* Recorder.m */; };
		500D61191CA137D5003F76A2 /* SCScreenRecorder.m in Sources */ = {isa = PBXBuildFile; fileRef = 500D61181CA137D5003F76A2 /* SCScreenRecorder.m */; };
		50B1E3ED1C9BF680006C614F /* AppDelegate.m in Sources */ = {isa = PBXBuildFile; fileRef = 50B1E3EC1C9BF680006C614F /* AppDelegate.m */; };
		50B1E3F01C9BF680006C614F /* main.m in Sources */ = {isa = PBXBuildFile; fileRef = 50B1E3EF1C9BF680006C614F /* main.m */; };
		50B1E3F21C9BF680006C614F /* Assets.xcassets in Resources */ = {isa = PBXBuildFile; fileRef = 50B1E3F11C9BF680006C614F /* Assets.xcassets */; };
		50B1E3F51C9BF680006C614F /* MainMenu.xib in Resources */ = {isa = PBXBuildFile; fileRef = 50B1E3F31C9BF680006C614F /* MainMenu.xib */; };
		50B1E4001C9BF680006C614F /* SonOfGrabber2Tests.m in Sources */ = {isa = PBXBuildFile; fileRef = 50B1E3FF1C9BF680006C614F /* SonOfGrabber2Tests.m */; };
		50B1E40B1C9BF681006C614F /* SonOfGrabber2UITests.m in Sources */ = {isa = PBXBuildFile; fileRef = 50B1E40A1C9BF681006C614F /* SonOfGrabber2UITests.m */; };
		50B1E41B1C9FE4CA006C614F /* TestViewController.m in Sources */ = {isa = PBXBuildFile; fileRef = 50B1E4191C9FE4CA006C614F /* TestViewController.m */; };
		50B1E41C1C9FE4CA006C614F /* TestViewController.xib in Resources */ = {isa = PBXBuildFile; fileRef = 50B1E41A1C9FE4CA006C614F /* TestViewController.xib */; };
/* End PBXBuildFile section */

/* Begin PBXContainerItemProxy section */
		50B1E3FC1C9BF680006C614F /* PBXContainerItemProxy */ = {
			isa = PBXContainerItemProxy;
			containerPortal = 50B1E3E01C9BF680006C614F /* Project object */;
			proxyType = 1;
			remoteGlobalIDString = 50B1E3E71C9BF680006C614F;
			remoteInfo = SonOfGrabber2;
		};
		50B1E4071C9BF681006C614F /* PBXContainerItemProxy */ = {
			isa = PBXContainerItemProxy;
			containerPortal = 50B1E3E01C9BF680006C614F /* Project object */;
			proxyType = 1;
			remoteGlobalIDString = 50B1E3E71C9BF680006C614F;
			remoteInfo = SonOfGrabber2;
		};
/* End PBXContainerItemProxy section */

/* Begin PBXFileReference section */
		500D610E1C9FFA49003F76A2 /* EventMonitor.h */ = {isa = PBXFileReference; fileEncoding = 4; lastKnownFileType = sourcecode.c.h; path = EventMonitor.h; sourceTree = "<group>"; };
		500D610F1C9FFA49003F76A2 /* EventMonitor.m */ = {isa = PBXFileReference; fileEncoding = 4; lastKnownFileType = sourcecode.c.objc; path = EventMonitor.m; sourceTree = "<group>"; };
		500D61111CA033D0003F76A2 /* WindowListApplierData.h */ = {isa = PBXFileReference; fileEncoding = 4; lastKnownFileType = sourcecode.c.h; path = WindowListApplierData.h; sourceTree = "<group>"; };
		500D61121CA033D0003F76A2 /* WindowListApplierData.m */ = {isa = PBXFileReference; fileEncoding = 4; lastKnownFileType = sourcecode.c.objc; path = WindowListApplierData.m; sourceTree = "<group>"; };
		500D61141CA12521003F76A2 /* Recorder.h */ = {isa = PBXFileReference; fileEncoding = 4; lastKnownFileType = sourcecode.c.h; path = Recorder.h; sourceTree = "<group>"; };
		500D61151CA12521003F76A2 /* Recorder.m */ = {isa = PBXFileReference; fileEncoding = 4; lastKnownFileType = sourcecode.c.objc; path = Recorder.m; sourceTree = "<group>"; };
		500D61171CA137D5003F76A2 /* SCScreenRecorder.h */ = {isa = PBXFileReference; fileEncoding = 4; lastKnownFileType = sourcecode.c.h; path = SCScreenRecorder.h; sourceTree = "<group>"; };
		500D61181CA137D5003F76A2 /* SCScreenRecorder.m */ = {isa = PBXFileReference; fileEncoding = 4; lastKnownFileType = sourcecode.c.objc; path = SCScreenRecorder.m; sourceTree = "<group>"; };
		50B1E3E81C9BF680006C614F /* SonOfGrabber2.app */ = {isa = PBXFileReference; explicitFileType = wrapper.application; includeInIndex = 0; path = SonOfGrabber2.app; sourceTree = BUILT_PRODUCTS_DIR; };
		50B1E3EB1C9BF680006C614F /* AppDelegate.h */ = {isa = PBXFileReference; lastKnownFileType = sourcecode.c.h; path = AppDelegate.h; sourceTree = "<group>"; };
		50B1E3EC1C9BF680006C614F /* AppDelegate.m */ = {isa = PBXFileReference; lastKnownFileType = sourcecode.c.objc; path = AppDelegate.m; sourceTree = "<group>"; };
		50B1E3EF1C9BF680006C614F /* main.m */ = {isa = PBXFileReference; lastKnownFileType = sourcecode.c.objc; path = main.m; sourceTree = "<group>"; };
		50B1E3F11C9BF680006C614F /* Assets.xcassets */ = {isa = PBXFileReference; lastKnownFileType = folder.assetcatalog; path = Assets.xcassets; sourceTree = "<group>"; };
		50B1E3F41C9BF680006C614F /* Base */ = {isa = PBXFileReference; lastKnownFileType = file.xib; name = Base; path = Base.lproj/MainMenu.xib; sourceTree = "<group>"; };
		50B1E3F61C9BF680006C614F /* Info.plist */ = {isa = PBXFileReference; lastKnownFileType = text.plist.xml; path = Info.plist; sourceTree = "<group>"; };
		50B1E3FB1C9BF680006C614F /* SonOfGrabber2Tests.xctest */ = {isa = PBXFileReference; explicitFileType = wrapper.cfbundle; includeInIndex = 0; path = SonOfGrabber2Tests.xctest; sourceTree = BUILT_PRODUCTS_DIR; };
		50B1E3FF1C9BF680006C614F /* SonOfGrabber2Tests.m */ = {isa = PBXFileReference; lastKnownFileType = sourcecode.c.objc; path = SonOfGrabber2Tests.m; sourceTree = "<group>"; };
		50B1E4011C9BF680006C614F /* Info.plist */ = {isa = PBXFileReference; lastKnownFileType = text.plist.xml; path = Info.plist; sourceTree = "<group>"; };
		50B1E4061C9BF681006C614F /* SonOfGrabber2UITests.xctest */ = {isa = PBXFileReference; explicitFileType = wrapper.cfbundle; includeInIndex = 0; path = SonOfGrabber2UITests.xctest; sourceTree = BUILT_PRODUCTS_DIR; };
		50B1E40A1C9BF681006C614F /* SonOfGrabber2UITests.m */ = {isa = PBXFileReference; lastKnownFileType = sourcecode.c.objc; path = SonOfGrabber2UITests.m; sourceTree = "<group>"; };
		50B1E40C1C9BF681006C614F /* Info.plist */ = {isa = PBXFileReference; lastKnownFileType = text.plist.xml; path = Info.plist; sourceTree = "<group>"; };
		50B1E4181C9FE4CA006C614F /* TestViewController.h */ = {isa = PBXFileReference; fileEncoding = 4; lastKnownFileType = sourcecode.c.h; path = TestViewController.h; sourceTree = "<group>"; };
		50B1E4191C9FE4CA006C614F /* TestViewController.m */ = {isa = PBXFileReference; fileEncoding = 4; lastKnownFileType = sourcecode.c.objc; path = TestViewController.m; sourceTree = "<group>"; };
		50B1E41A1C9FE4CA006C614F /* TestViewController.xib */ = {isa = PBXFileReference; fileEncoding = 4; lastKnownFileType = file.xib; path = TestViewController.xib; sourceTree = "<group>"; };
/* End PBXFileReference section */

/* Begin PBXFrameworksBuildPhase section */
		50B1E3E51C9BF680006C614F /* Frameworks */ = {
			isa = PBXFrameworksBuildPhase;
			buildActionMask = 2147483647;
			files = (
			);
			runOnlyForDeploymentPostprocessing = 0;
		};
		50B1E3F81C9BF680006C614F /* Frameworks */ = {
			isa = PBXFrameworksBuildPhase;
			buildActionMask = 2147483647;
			files = (
			);
			runOnlyForDeploymentPostprocessing = 0;
		};
		50B1E4031C9BF681006C614F /* Frameworks */ = {
			isa = PBXFrameworksBuildPhase;
			buildActionMask = 2147483647;
			files = (
			);
			runOnlyForDeploymentPostprocessing = 0;
		};
/* End PBXFrameworksBuildPhase section */

/* Begin PBXGroup section */
		50B1E3DF1C9BF680006C614F = {
			isa = PBXGroup;
			children = (
				50B1E3EA1C9BF680006C614F /* SonOfGrabber2 */,
				50B1E3FE1C9BF680006C614F /* SonOfGrabber2Tests */,
				50B1E4091C9BF681006C614F /* SonOfGrabber2UITests */,
				50B1E3E91C9BF680006C614F /* Products */,
			);
			sourceTree = "<group>";
		};
		50B1E3E91C9BF680006C614F /* Products */ = {
			isa = PBXGroup;
			children = (
				50B1E3E81C9BF680006C614F /* SonOfGrabber2.app */,
				50B1E3FB1C9BF680006C614F /* SonOfGrabber2Tests.xctest */,
				50B1E4061C9BF681006C614F /* SonOfGrabber2UITests.xctest */,
			);
			name = Products;
			sourceTree = "<group>";
		};
		50B1E3EA1C9BF680006C614F /* SonOfGrabber2 */ = {
			isa = PBXGroup;
			children = (
				50B1E3EB1C9BF680006C614F /* AppDelegate.h */,
				50B1E3EC1C9BF680006C614F /* AppDelegate.m */,
				50B1E3F11C9BF680006C614F /* Assets.xcassets */,
				50B1E3F31C9BF680006C614F /* MainMenu.xib */,
				50B1E3F61C9BF680006C614F /* Info.plist */,
				50B1E3EE1C9BF680006C614F /* Supporting Files */,
				50B1E4181C9FE4CA006C614F /* TestViewController.h */,
				50B1E4191C9FE4CA006C614F /* TestViewController.m */,
				50B1E41A1C9FE4CA006C614F /* TestViewController.xib */,
				500D610E1C9FFA49003F76A2 /* EventMonitor.h */,
				500D610F1C9FFA49003F76A2 /* EventMonitor.m */,
				500D61111CA033D0003F76A2 /* WindowListApplierData.h */,
				500D61121CA033D0003F76A2 /* WindowListApplierData.m */,
				500D61141CA12521003F76A2 /* Recorder.h */,
				500D61151CA12521003F76A2 /* Recorder.m */,
				500D61171CA137D5003F76A2 /* SCScreenRecorder.h */,
				500D61181CA137D5003F76A2 /* SCScreenRecorder.m */,
			);
			path = SonOfGrabber2;
			sourceTree = "<group>";
		};
		50B1E3EE1C9BF680006C614F /* Supporting Files */ = {
			isa = PBXGroup;
			children = (
				50B1E3EF1C9BF680006C614F /* main.m */,
			);
			name = "Supporting Files";
			sourceTree = "<group>";
		};
		50B1E3FE1C9BF680006C614F /* SonOfGrabber2Tests */ = {
			isa = PBXGroup;
			children = (
				50B1E3FF1C9BF680006C614F /* SonOfGrabber2Tests.m */,
				50B1E4011C9BF680006C614F /* Info.plist */,
			);
			path = SonOfGrabber2Tests;
			sourceTree = "<group>";
		};
		50B1E4091C9BF681006C614F /* SonOfGrabber2UITests */ = {
			isa = PBXGroup;
			children = (
				50B1E40A1C9BF681006C614F /* SonOfGrabber2UITests.m */,
				50B1E40C1C9BF681006C614F /* Info.plist */,
			);
			path = SonOfGrabber2UITests;
			sourceTree = "<group>";
		};
/* End PBXGroup section */

/* Begin PBXNativeTarget section */
		50B1E3E71C9BF680006C614F /* SonOfGrabber2 */ = {
			isa = PBXNativeTarget;
			buildConfigurationList = 50B1E40F1C9BF681006C614F /* Build configuration list for PBXNativeTarget "SonOfGrabber2" */;
			buildPhases = (
				50B1E3E41C9BF680006C614F /* Sources */,
				50B1E3E51C9BF680006C614F /* Frameworks */,
				50B1E3E61C9BF680006C614F /* Resources */,
			);
			buildRules = (
			);
			dependencies = (
			);
			name = SonOfGrabber2;
			productName = SonOfGrabber2;
			productReference = 50B1E3E81C9BF680006C614F /* SonOfGrabber2.app */;
			productType = "com.apple.product-type.application";
		};
		50B1E3FA1C9BF680006C614F /* SonOfGrabber2Tests */ = {
			isa = PBXNativeTarget;
			buildConfigurationList = 50B1E4121C9BF681006C614F /* Build configuration list for PBXNativeTarget "SonOfGrabber2Tests" */;
			buildPhases = (
				50B1E3F71C9BF680006C614F /* Sources */,
				50B1E3F81C9BF680006C614F /* Frameworks */,
				50B1E3F91C9BF680006C614F /* Resources */,
			);
			buildRules = (
			);
			dependencies = (
				50B1E3FD1C9BF680006C614F /* PBXTargetDependency */,
			);
			name = SonOfGrabber2Tests;
			productName = SonOfGrabber2Tests;
			productReference = 50B1E3FB1C9BF680006C614F /* SonOfGrabber2Tests.xctest */;
			productType = "com.apple.product-type.bundle.unit-test";
		};
		50B1E4051C9BF681006C614F /* SonOfGrabber2UITests */ = {
			isa = PBXNativeTarget;
			buildConfigurationList = 50B1E4151C9BF681006C614F /* Build configuration list for PBXNativeTarget "SonOfGrabber2UITests" */;
			buildPhases = (
				50B1E4021C9BF681006C614F /* Sources */,
				50B1E4031C9BF681006C614F /* Frameworks */,
				50B1E4041C9BF681006C614F /* Resources */,
			);
			buildRules = (
			);
			dependencies = (
				50B1E4081C9BF681006C614F /* PBXTargetDependency */,
			);
			name = SonOfGrabber2UITests;
			productName = SonOfGrabber2UITests;
			productReference = 50B1E4061C9BF681006C614F /* SonOfGrabber2UITests.xctest */;
			productType = "com.apple.product-type.bundle.ui-testing";
		};
/* End PBXNativeTarget section */

/* Begin PBXProject section */
		50B1E3E01C9BF680006C614F /* Project object */ = {
			isa = PBXProject;
			attributes = {
				LastUpgradeCheck = 0720;
				ORGANIZATIONNAME = "叔 陈";
				TargetAttributes = {
					50B1E3E71C9BF680006C614F = {
						CreatedOnToolsVersion = 7.2;
					};
					50B1E3FA1C9BF680006C614F = {
						CreatedOnToolsVersion = 7.2;
						TestTargetID = 50B1E3E71C9BF680006C614F;
					};
					50B1E4051C9BF681006C614F = {
						CreatedOnToolsVersion = 7.2;
						TestTargetID = 50B1E3E71C9BF680006C614F;
					};
				};
			};
			buildConfigurationList = 50B1E3E31C9BF680006C614F /* Build configuration list for PBXProject "SonOfGrabber2" */;
			compatibilityVersion = "Xcode 3.2";
			developmentRegion = English;
			hasScannedForEncodings = 0;
			knownRegions = (
				en,
				Base,
			);
			mainGroup = 50B1E3DF1C9BF680006C614F;
			productRefGroup = 50B1E3E91C9BF680006C614F /* Products */;
			projectDirPath = "";
			projectRoot = "";
			targets = (
				50B1E3E71C9BF680006C614F /* SonOfGrabber2 */,
				50B1E3FA1C9BF680006C614F /* SonOfGrabber2Tests */,
				50B1E4051C9BF681006C614F /* SonOfGrabber2UITests */,
			);
		};
/* End PBXProject section */

/* Begin PBXResourcesBuildPhase section */
		50B1E3E61C9BF680006C614F /* Resources */ = {
			isa = PBXResourcesBuildPhase;
			buildActionMask = 2147483647;
			files = (
				50B1E3F21C9BF680006C614F /* Assets.xcassets in Resources */,
				50B1E41C1C9FE4CA006C614F /* TestViewController.xib in Resources */,
				50B1E3F51C9BF680006C614F /* MainMenu.xib in Resources */,
			);
			runOnlyForDeploymentPostprocessing = 0;
		};
		50B1E3F91C9BF680006C614F /* Resources */ = {
			isa = PBXResourcesBuildPhase;
			buildActionMask = 2147483647;
			files = (
			);
			runOnlyForDeploymentPostprocessing = 0;
		};
		50B1E4041C9BF681006C614F /* Resources */ = {
			isa = PBXResourcesBuildPhase;
			buildActionMask = 2147483647;
			files = (
			);
			runOnlyForDeploymentPostprocessing = 0;
		};
/* End PBXResourcesBuildPhase section */

/* Begin PBXSourcesBuildPhase section */
		50B1E3E41C9BF680006C614F /* Sources */ = {
			isa = PBXSourcesBuildPhase;
			buildActionMask = 2147483647;
			files = (
				50B1E41B1C9FE4CA006C614F /* TestViewController.m in Sources */,
				500D61131CA033D0003F76A2 /* WindowListApplierData.m in Sources */,
				50B1E3F01C9BF680006C614F /* main.m in Sources */,
				50B1E3ED1C9BF680006C614F /* AppDelegate.m in Sources */,
				500D61101C9FFA49003F76A2 /* EventMonitor.m in Sources */,
				500D61191CA137D5003F76A2 /* SCScreenRecorder.m in Sources */,
				500D61161CA12521003F76A2 /* Recorder.m in Sources */,
			);
			runOnlyForDeploymentPostprocessing = 0;
		};
		50B1E3F71C9BF680006C614F /* Sources */ = {
			isa = PBXSourcesBuildPhase;
			buildActionMask = 2147483647;
			files = (
				50B1E4001C9BF680006C614F /* SonOfGrabber2Tests.m in Sources */,
			);
			runOnlyForDeploymentPostprocessing = 0;
		};
		50B1E4021C9BF681006C614F /* Sources */ = {
			isa = PBXSourcesBuildPhase;
			buildActionMask = 2147483647;
			files = (
				50B1E40B1C9BF681006C614F /* SonOfGrabber2UITests.m in Sources */,
			);
			runOnlyForDeploymentPostprocessing = 0;
		};
/* End PBXSourcesBuildPhase section */

/* Begin PBXTargetDependency section */
		50B1E3FD1C9BF680006C614F /* PBXTargetDependency */ = {
			isa = PBXTargetDependency;
			target = 50B1E3E71C9BF680006C614F /* SonOfGrabber2 */;
			targetProxy = 50B1E3FC1C9BF680006C614F /* PBXContainerItemProxy */;
		};
		50B1E4081C9BF681006C614F /* PBXTargetDependency */ = {
			isa = PBXTargetDependency;
			target = 50B1E3E71C9BF680006C614F /* SonOfGrabber2 */;
			targetProxy = 50B1E4071C9BF681006C614F /* PBXContainerItemProxy */;
		};
/* End PBXTargetDependency section */

/* Begin PBXVariantGroup section */
		50B1E3F31C9BF680006C614F /* MainMenu.xib */ = {
			isa = PBXVariantGroup;
			children = (
				50B1E3F41C9BF680006C614F /* Base */,
			);
			name = MainMenu.xib;
			sourceTree = "<group>";
		};
/* End PBXVariantGroup section */

/* Begin XCBuildConfiguration section */
		50B1E40D1C9BF681006C614F /* Debug */ = {
			isa = XCBuildConfiguration;
			buildSettings = {
				ALWAYS_SEARCH_USER_PATHS = NO;
				CLANG_CXX_LANGUAGE_STANDARD = "gnu++0x";
				CLANG_CXX_LIBRARY = "libc++";
				CLANG_ENABLE_MODULES = YES;
				CLANG_ENABLE_OBJC_ARC = YES;
				CLANG_WARN_BOOL_CONVERSION = YES;
				CLANG_WARN_CONSTANT_CONVERSION = YES;
				CLANG_WARN_DIRECT_OBJC_ISA_USAGE = YES_ERROR;
				CLANG_WARN_EMPTY_BODY = YES;
				CLANG_WARN_ENUM_CONVERSION = YES;
				CLANG_WARN_INT_CONVERSION = YES;
				CLANG_WARN_OBJC_ROOT_CLASS = YES_ERROR;
				CLANG_WARN_UNREACHABLE_CODE = YES;
				CLANG_WARN__DUPLICATE_METHOD_MATCH = YES;
				CODE_SIGN_IDENTITY = "-";
				COPY_PHASE_STRIP = NO;
				DEBUG_INFORMATION_FORMAT = dwarf;
				ENABLE_STRICT_OBJC_MSGSEND = YES;
				ENABLE_TESTABILITY = YES;
				GCC_C_LANGUAGE_STANDARD = gnu99;
				GCC_DYNAMIC_NO_PIC = NO;
				GCC_NO_COMMON_BLOCKS = YES;
				GCC_OPTIMIZATION_LEVEL = 0;
				GCC_PREPROCESSOR_DEFINITIONS = (
					"DEBUG=1",
					"$(inherited)",
				);
				GCC_WARN_64_TO_32_BIT_CONVERSION = YES;
				GCC_WARN_ABOUT_RETURN_TYPE = YES_ERROR;
				GCC_WARN_UNDECLARED_SELECTOR = YES;
				GCC_WARN_UNINITIALIZED_AUTOS = YES_AGGRESSIVE;
				GCC_WARN_UNUSED_FUNCTION = YES;
				GCC_WARN_UNUSED_VARIABLE = YES;
				MACOSX_DEPLOYMENT_TARGET = 10.11;
				MTL_ENABLE_DEBUG_INFO = YES;
				ONLY_ACTIVE_ARCH = YES;
				SDKROOT = macosx;
			};
			name = Debug;
		};
		50B1E40E1C9BF681006C614F /* Release */ = {
			isa = XCBuildConfiguration;
			buildSettings = {
				ALWAYS_SEARCH_USER_PATHS = NO;
				CLANG_CXX_LANGUAGE_STANDARD = "gnu++0x";
				CLANG_CXX_LIBRARY = "libc++";
				CLANG_ENABLE_MODULES = YES;
				CLANG_ENABLE_OBJC_ARC = YES;
				CLANG_WARN_BOOL_CONVERSION = YES;
				CLANG_WARN_CONSTANT_CONVERSION = YES;
				CLANG_WARN_DIRECT_OBJC_ISA_USAGE = YES_ERROR;
				CLANG_WARN_EMPTY_BODY = YES;
				CLANG_WARN_ENUM_CONVERSION = YES;
				CLANG_WARN_INT_CONVERSION = YES;
				CLANG_WARN_OBJC_ROOT_CLASS = YES_ERROR;
				CLANG_WARN_UNREACHABLE_CODE = YES;
				CLANG_WARN__DUPLICATE_METHOD_MATCH = YES;
				CODE_SIGN_IDENTITY = "-";
				COPY_PHASE_STRIP = NO;
				DEBUG_INFORMATION_FORMAT = "dwarf-with-dsym";
				ENABLE_NS_ASSERTIONS = NO;
				ENABLE_STRICT_OBJC_MSGSEND = YES;
				GCC_C_LANGUAGE_STANDARD = gnu99;
				GCC_NO_COMMON_BLOCKS = YES;
				GCC_WARN_64_TO_32_BIT_CONVERSION = YES;
				GCC_WARN_ABOUT_RETURN_TYPE = YES_ERROR;
				GCC_WARN_UNDECLARED_SELECTOR = YES;
				GCC_WARN_UNINITIALIZED_AUTOS = YES_AGGRESSIVE;
				GCC_WARN_UNUSED_FUNCTION = YES;
				GCC_WARN_UNUSED_VARIABLE = YES;
				MACOSX_DEPLOYMENT_TARGET = 10.11;
				MTL_ENABLE_DEBUG_INFO = NO;
				SDKROOT = macosx;
			};
			name = Release;
		};
		50B1E4101C9BF681006C614F /* Debug */ = {
			isa = XCBuildConfiguration;
			buildSettings = {
				ASSETCATALOG_COMPILER_APPICON_NAME = AppIcon;
				COMBINE_HIDPI_IMAGES = YES;
				INFOPLIST_FILE = SonOfGrabber2/Info.plist;
				LD_RUNPATH_SEARCH_PATHS = "$(inherited) @executable_path/../Frameworks";
				PRODUCT_BUNDLE_IDENTIFIER = sergio.chan.SonOfGrabber2;
				PRODUCT_NAME = "$(TARGET_NAME)";
			};
			name = Debug;
		};
		50B1E4111C9BF681006C614F /* Release */ = {
			isa = XCBuildConfiguration;
			buildSettings = {
				ASSETCATALOG_COMPILER_APPICON_NAME = AppIcon;
				COMBINE_HIDPI_IMAGES = YES;
				INFOPLIST_FILE = SonOfGrabber2/Info.plist;
				LD_RUNPATH_SEARCH_PATHS = "$(inherited) @executable_path/../Frameworks";
				PRODUCT_BUNDLE_IDENTIFIER = sergio.chan.SonOfGrabber2;
				PRODUCT_NAME = "$(TARGET_NAME)";
			};
			name = Release;
		};
		50B1E4131C9BF681006C614F /* Debug */ = {
			isa = XCBuildConfiguration;
			buildSettings = {
				BUNDLE_LOADER = "$(TEST_HOST)";
				COMBINE_HIDPI_IMAGES = YES;
				INFOPLIST_FILE = SonOfGrabber2Tests/Info.plist;
				LD_RUNPATH_SEARCH_PATHS = "$(inherited) @executable_path/../Frameworks @loader_path/../Frameworks";
				PRODUCT_BUNDLE_IDENTIFIER = sergio.chan.SonOfGrabber2Tests;
				PRODUCT_NAME = "$(TARGET_NAME)";
				TEST_HOST = "$(BUILT_PRODUCTS_DIR)/SonOfGrabber2.app/Contents/MacOS/SonOfGrabber2";
			};
			name = Debug;
		};
		50B1E4141C9BF681006C614F /* Release */ = {
			isa = XCBuildConfiguration;
			buildSettings = {
				BUNDLE_LOADER = "$(TEST_HOST)";
				COMBINE_HIDPI_IMAGES = YES;
				INFOPLIST_FILE = SonOfGrabber2Tests/Info.plist;
				LD_RUNPATH_SEARCH_PATHS = "$(inherited) @executable_path/../Frameworks @loader_path/../Frameworks";
				PRODUCT_BUNDLE_IDENTIFIER = sergio.chan.SonOfGrabber2Tests;
				PRODUCT_NAME = "$(TARGET_NAME)";
				TEST_HOST = "$(BUILT_PRODUCTS_DIR)/SonOfGrabber2.app/Contents/MacOS/SonOfGrabber2";
			};
			name = Release;
		};
		50B1E4161C9BF681006C614F /* Debug */ = {
			isa = XCBuildConfiguration;
			buildSettings = {
				COMBINE_HIDPI_IMAGES = YES;
				INFOPLIST_FILE = SonOfGrabber2UITests/Info.plist;
				LD_RUNPATH_SEARCH_PATHS = "$(inherited) @executable_path/../Frameworks @loader_path/../Frameworks";
				PRODUCT_BUNDLE_IDENTIFIER = sergio.chan.SonOfGrabber2UITests;
				PRODUCT_NAME = "$(TARGET_NAME)";
				TEST_TARGET_NAME = SonOfGrabber2;
				USES_XCTRUNNER = YES;
			};
			name = Debug;
		};
		50B1E4171C9BF681006C614F /* Release */ = {
			isa = XCBuildConfiguration;
			buildSettings = {
				COMBINE_HIDPI_IMAGES = YES;
				INFOPLIST_FILE = SonOfGrabber2UITests/Info.plist;
				LD_RUNPATH_SEARCH_PATHS = "$(inherited) @executable_path/../Frameworks @loader_path/../Frameworks";
				PRODUCT_BUNDLE_IDENTIFIER = sergio.chan.SonOfGrabber2UITests;
				PRODUCT_NAME = "$(TARGET_NAME)";
				TEST_TARGET_NAME = SonOfGrabber2;
				USES_XCTRUNNER = YES;
			};
			name = Release;
		};
/* End XCBuildConfiguration section */

/* Begin XCConfigurationList section */
		50B1E3E31C9BF680006C614F /* Build configuration list for PBXProject "SonOfGrabber2" */ = {
			isa = XCConfigurationList;
			buildConfigurations = (
				50B1E40D1C9BF681006C614F /* Debug */,
				50B1E40E1C9BF681006C614F /* Release */,
			);
			defaultConfigurationIsVisible = 0;
			defaultConfigurationName = Release;
		};
		50B1E40F1C9BF681006C614F /* Build configuration list for PBXNativeTarget "SonOfGrabber2" */ = {
			isa = XCConfigurationList;
			buildConfigurations = (
				50B1E4101C9BF681006C614F /* Debug */,
				50B1E4111C9BF681006C614F /* Release */,
			);
			defaultConfigurationIsVisible = 0;
			defaultConfigurationName = Release;
		};
		50B1E4121C9BF681006C614F /* Build configuration list for PBXNativeTarget "SonOfGrabber2Tests" */ = {
			isa = XCConfigurationList;
			buildConfigurations = (
				50B1E4131C9BF681006C614F /* Debug */,
				50B1E4141C9BF681006C614F /* Release */,
			);
			defaultConfigurationIsVisible = 0;
			defaultConfigurationName = Release;
		};
		50B1E4151C9BF681006C614F /* Build configuration list for PBXNativeTarget "SonOfGrabber2UITests" */ = {
			isa = XCConfigurationList;
			buildConfigurations = (
				50B1E4161C9BF681006C614F /* Debug */,
				50B1E4171C9BF681006C614F /* Release */,
			);
			defaultConfigurationIsVisible = 0;
			defaultConfigurationName = Release;
		};
/* End XCConfigurationList section */
	};
	rootObject = 50B1E3E01C9BF680006C614F /* Project object */;
}
